{
  "nodes": {
    "flake-utils": {
      "locked": {
        "lastModified": 1659877975,
        "narHash": "sha256-zllb8aq3YO3h8B/U0/J1WBgAL8EX5yWf5pMj3G0NAmc=",
        "owner": "numtide",
        "repo": "flake-utils",
        "rev": "c0e246b9b83f637f4681389ecabcb2681b4f3af0",
        "type": "github"
      },
      "original": {
        "owner": "numtide",
        "repo": "flake-utils",
        "type": "github"
      }
    },
    "nixpkgs": {
      "locked": {
        "lastModified": 1779930049,
        "narHash": "sha256-6mqKLf7ukajFOrVjO7EH1i37CQOVG22AnuU3wR84xK0=",
        "owner": "NixOS",
        "repo": "nixpkgs",
        "rev": "f5190b692864072e79a2fb7c52d72d1d57fcb269",
        "type": "github"
      },
      "original": {
        "owner": "NixOS",
        "ref": "release-25.11",
        "repo": "nixpkgs",
        "type": "github"
      }
    },
    "nixpkgs-master": {
      "locked": {
        "lastModified": 1779951496,
        "narHash": "sha256-j0P9+h7HX67KNlGki6puFfx8xO6wx4Jz23jXg3dpfCw=",
        "owner": "NixOS",
        "repo": "nixpkgs",
        "rev": "f4d46d85b687293bc8d872010fb66a4f23c23139",
        "type": "github"
      },
      "original": {
        "owner": "NixOS",
        "ref": "master",
        "repo": "nixpkgs",
        "type": "github"
      }
    },
    "root": {
      "inputs": {
        "flake-utils": "flake-utils",
        "nixpkgs": "nixpkgs",
        "nixpkgs-master": "nixpkgs-master"
      }
    }
  },
  "root": "root",
  "version": 7
}
