{
  "nodes": {
    "flake-utils": {
      "locked": {
        "lastModified": 1659877975,
        "narHash": "sha256-zllb8aq3YO3h8B/U0/J1WBgAL8EX5yWf5pMj3G0NAmc=",
        "owner": "numtide",
        "repo": "flake-utils",
        "rev": "c0e246b9b83f637f4681389ecabcb2681b4f3af0",
        "type": "github"
      },
      "original": {
        "owner": "numtide",
        "repo": "flake-utils",
        "type": "github"
      }
    },
    "nixpkgs": {
      "locked": {
        "lastModified": 1712217116,
        "narHash": "sha256-AYZLTctK+w2Xh/BXl5fm7DOecq7rnsfL+UAWbI0VXyw=",
        "owner": "NixOS",
        "repo": "nixpkgs",
        "rev": "c6149db25c6ca2d606c5f2425a08f458e7f0123b",
        "type": "github"
      },
      "original": {
        "owner": "NixOS",
        "ref": "release-23.11",
        "repo": "nixpkgs",
        "type": "github"
      }
    },
    "nixpkgsUnstable": {
      "locked": {
        "lastModified": 1712129508,
        "narHash": "sha256-FBVpEX0eLiqX3jnSL3rmJHqHhbuCikJZyDyV3Cl3qAY=",
        "owner": "NixOS",
        "repo": "nixpkgs",
        "rev": "d03a4482228d4d6dbd2d4b425b6dfcd49ebe765f",
        "type": "github"
      },
      "original": {
        "owner": "NixOS",
        "ref": "nixpkgs-unstable",
        "repo": "nixpkgs",
        "type": "github"
      }
    },
    "root": {
      "inputs": {
        "flake-utils": "flake-utils",
        "nixpkgs": "nixpkgs",
        "nixpkgsUnstable": "nixpkgsUnstable"
      }
    }
  },
  "root": "root",
  "version": 7
}
