# This file was autogenerated by Stack.
# You should not edit this file by hand.
# For more information, please see the documentation at:
#   https://docs.haskellstack.org/en/stable/lock_files

packages:
- completed:
    commit: 3b01c70182cf4ebfd614a52c9e486c5ead0434c6
    git: https://github.com/codedownio/lsp.git
    name: lsp
    pantry-tree:
      sha256: 33b1eb7000752d96cf3fb8b55e8134c147a685863dbaae4374cabb01a7c33321
      size: 1044
    subdir: lsp
    version: 1.6.0.0
  original:
    commit: 3b01c70182cf4ebfd614a52c9e486c5ead0434c6
    git: https://github.com/codedownio/lsp.git
    subdir: lsp
- completed:
    commit: 3b01c70182cf4ebfd614a52c9e486c5ead0434c6
    git: https://github.com/codedownio/lsp.git
    name: lsp-types
    pantry-tree:
      sha256: 8609e0f49124313c6b6accb0d5b101ed3aa5600781259d54058592e20ad7a492
      size: 4909
    subdir: lsp-types
    version: 1.6.0.0
  original:
    commit: 3b01c70182cf4ebfd614a52c9e486c5ead0434c6
    git: https://github.com/codedownio/lsp.git
    subdir: lsp-types
- completed:
    commit: 3b01c70182cf4ebfd614a52c9e486c5ead0434c6
    git: https://github.com/codedownio/lsp.git
    name: lsp-test
    pantry-tree:
      sha256: 19ddf7b19e3cdec2715ef23e00d57c31cc0f77080951a653ca66e41b22b63c17
      size: 2134
    subdir: lsp-test
    version: 0.14.1.0
  original:
    commit: 3b01c70182cf4ebfd614a52c9e486c5ead0434c6
    git: https://github.com/codedownio/lsp.git
    subdir: lsp-test
snapshots:
- completed:
    sha256: 9fa4bece7acfac1fc7930c5d6e24606004b09e80aa0e52e9f68b148201008db9
    size: 649606
    url: https://raw.githubusercontent.com/commercialhaskell/stackage-snapshots/master/lts/20/18.yaml
  original: lts-20.18
