# This file was autogenerated by Stack.
# You should not edit this file by hand.
# For more information, please see the documentation at:
#   https://docs.haskellstack.org/en/stable/lock_files

packages:
- completed:
    commit: 673ff007ce08aed7cf3cf8a5050b4066948afa91
    git: https://github.com/codedownio/lsp.git
    name: lsp
    pantry-tree:
      sha256: 9d8370277cc83f157edf368042479b89a770aba92b8aa4072b3426b6b489c12b
      size: 1043
    subdir: lsp
    version: 2.0.0.0
  original:
    commit: 673ff007ce08aed7cf3cf8a5050b4066948afa91
    git: https://github.com/codedownio/lsp.git
    subdir: lsp
- completed:
    commit: 673ff007ce08aed7cf3cf8a5050b4066948afa91
    git: https://github.com/codedownio/lsp.git
    name: lsp-test
    pantry-tree:
      sha256: ae5d36c3d41b027768f7f62c55a8885ba28c2d9674a135c4c98394778a6a06e3
      size: 2225
    subdir: lsp-test
    version: 0.15.0.0
  original:
    commit: 673ff007ce08aed7cf3cf8a5050b4066948afa91
    git: https://github.com/codedownio/lsp.git
    subdir: lsp-test
- completed:
    commit: 673ff007ce08aed7cf3cf8a5050b4066948afa91
    git: https://github.com/codedownio/lsp.git
    name: lsp-types
    pantry-tree:
      sha256: f8617d8aaa142ecc8ce62e0b2d930669d4969b6b9143368d20b1680874b8077c
      size: 45522
    subdir: lsp-types
    version: 2.0.0.1
  original:
    commit: 673ff007ce08aed7cf3cf8a5050b4066948afa91
    git: https://github.com/codedownio/lsp.git
    subdir: lsp-types
- completed:
    commit: 567ac0f24acddd4951db8707b0b3137372931a88
    git: https://github.com/codedownio/sandwich.git
    name: sandwich
    pantry-tree:
      sha256: 0b691dbfa34654e0290ed64efe730d3b83a3fdd78355d8f3c45fd9ffff3d7e9c
      size: 6096
    subdir: sandwich
    version: 0.2.2.0
  original:
    commit: 567ac0f24acddd4951db8707b0b3137372931a88
    git: https://github.com/codedownio/sandwich.git
    subdir: sandwich
- completed:
    commit: 567ac0f24acddd4951db8707b0b3137372931a88
    git: https://github.com/codedownio/sandwich.git
    name: sandwich-contexts
    pantry-tree:
      sha256: cd1268f0514e3f3f3806f3992447938f13ef9206576e48701d59b284c073dafb
      size: 1627
    subdir: sandwich-contexts
    version: 0.1.0.0
  original:
    commit: 567ac0f24acddd4951db8707b0b3137372931a88
    git: https://github.com/codedownio/sandwich.git
    subdir: sandwich-contexts
- completed:
    hackage: vty-windows-0.2.0.0@sha256:91a11bab7bb79f8ee0d4a8166824ed855251cbac101eed3fdf607ad519a13557,2815
    pantry-tree:
      sha256: 50d343eb4df5d1901b1773baeaff8ae7c6a88204d0997430e26f0dc50a1a63eb
      size: 2160
  original:
    hackage: vty-windows-0.2.0.0
- completed:
    hackage: ex-pool-0.2.1@sha256:c8249338ced27bc4d6395ad9c3069eec394fb111813d6ec736814d095f7e6a24,1293
    pantry-tree:
      sha256: 863f042cd38e712406ac3ca414eb83e4f2264a71913fca0319d940655ebc873a
      size: 253
  original:
    hackage: ex-pool-0.2.1@sha256:c8249338ced27bc4d6395ad9c3069eec394fb111813d6ec736814d095f7e6a24,1293
- completed:
    hackage: crypton-connection-0.3.1@sha256:4d0958537197956b536ea91718b1749949757022532f50b8f683290056a19021,1581
    pantry-tree:
      sha256: e35ac3a35611afab9fafac633d0c4e6328b9cce4c8262378671d6c5a739e7e70
      size: 394
  original:
    hackage: crypton-connection-0.3.1@sha256:4d0958537197956b536ea91718b1749949757022532f50b8f683290056a19021,1581
- completed:
    commit: 768665c90321d118fdd3cde2c6ac6c01310d76a0
    git: https://github.com/codedownio/minio-hs
    name: minio-hs
    pantry-tree:
      sha256: 63fecbf5146f8704eba62c12ba86494f7bc477d8d882e74846ea0d1dfce03a1a
      size: 4744
    version: 1.7.0
  original:
    commit: 768665c90321d118fdd3cde2c6ac6c01310d76a0
    git: https://github.com/codedownio/minio-hs
snapshots:
- completed:
    sha256: 5b002d57c51092aa58a8696ccf0993e74fa6ed2efd48e2bbca349e9c2f67c5ef
    size: 713334
    url: https://raw.githubusercontent.com/commercialhaskell/stackage-snapshots/master/lts/22/15.yaml
  original: lts-22.15
